
Microsoft Visual Studio Solution File, Format Version 12.00
# Visual Studio Version 17
VisualStudioVersion = 17.1.32328.378
MinimumVisualStudioVersion = 10.0.40219.1
Project("{FAE04EC0-301F-11D3-BF4B-00C04F79EFBC}") = "ArduinoTemperaturaFormsFramework-2022-II", "ArduinoTemperaturaFormsFramework-2022-II.csproj", "{1D212BF6-A965-4B85-857A-2D9A084E2CED}"
EndProject
Global
	GlobalSection(SolutionConfigurationPlatforms) = preSolution
		Debug|Any CPU = Debug|Any CPU
		Release|Any CPU = Release|Any CPU
	EndGlobalSection
	GlobalSection(ProjectConfigurationPlatforms) = postSolution
		{1D212BF6-A965-4B85-857A-2D9A084E2CED}.Debug|Any CPU.ActiveCfg = Debug|Any CPU
		{1D212BF6-A965-4B85-857A-2D9A084E2CED}.Debug|Any CPU.Build.0 = Debug|Any CPU
		{1D212BF6-A965-4B85-857A-2D9A084E2CED}.Release|Any CPU.ActiveCfg = Release|Any CPU
		{1D212BF6-A965-4B85-857A-2D9A084E2CED}.Release|Any CPU.Build.0 = Release|Any CPU
	EndGlobalSection
	GlobalSection(SolutionProperties) = preSolution
		HideSolutionNode = FALSE
	EndGlobalSection
	GlobalSection(ExtensibilityGlobals) = postSolution
		SolutionGuid = {33A392ED-B716-4FC2-ACCA-51AA51F63616}
	EndGlobalSection
EndGlobal
